<?xml version="1.0" encoding="UTF-8" standalone="yes" ?>
<CodeBlocks_project_file>
	<FileVersion major="1" minor="6" />
	<Project>
		<Option title="tech_champion" />
		<Option pch_mode="2" />
		<Option compiler="gcc" />
		<Build>
			<Target title="Debug">
				<Option output="bin/game" prefix_auto="1" extension_auto="1" />
				<Option object_output="bin/obj/game" />
				<Option type="1" />
				<Option compiler="gcc" />
				<Compiler>
					<Add option="-std=c++11" />
					<Add option="-g" />
					<Add directory="$(#sfml.include)" />
					<Add directory="$(#physfs.include)" />
				</Compiler>
				<Linker>
					<Add option="-static-libstdc++" />
					<Add option="-llibphysfs" />
					<Add library="sfml-network-d" />
					<Add library="sfml-audio-d" />
					<Add library="sfml-graphics-d" />
					<Add library="sfml-window-d" />
					<Add library="sfml-system-d" />
					<Add library="opengl32" />
					<Add directory="$(#sfml.lib)" />
					<Add directory="$(#physfs.lib)" />
				</Linker>
			</Target>
			<Target title="Release">
				<Option output="bin/Release/game" prefix_auto="1" extension_auto="1" />
				<Option object_output="bin/obj/Release/" />
				<Option type="1" />
				<Option compiler="gcc" />
				<Compiler>
					<Add option="-O2" />
					<Add directory="${#sfml.include}" />
				</Compiler>
				<Linker>
					<Add option="-s" />
					<Add library="sfml-network" />
					<Add library="sfml-audio" />
					<Add library="sfml-graphics" />
					<Add library="sfml-window" />
					<Add library="sfml-system" />
					<Add library="opengl32" />
					<Add directory="${#sfml.lib}" />
				</Linker>
			</Target>
		</Build>
		<Compiler>
			<Add option="-Wall" />
		</Compiler>
		<Unit filename="bin/config.ini">
			<Option target="Release" />
		</Unit>
		<Unit filename="headers/anim_set.hpp">
			<Option target="Release" />
		</Unit>
		<Unit filename="headers/animation.hpp">
			<Option target="Release" />
		</Unit>
		<Unit filename="headers/config.hpp">
			<Option target="Release" />
		</Unit>
		<Unit filename="headers/entity/bot.hpp">
			<Option target="Release" />
		</Unit>
		<Unit filename="headers/entity/entity.hpp">
			<Option target="Release" />
		</Unit>
		<Unit filename="headers/entity/player.hpp">
			<Option target="Release" />
		</Unit>
		<Unit filename="headers/gui/button.hpp">
			<Option target="Release" />
		</Unit>
		<Unit filename="headers/gui/check_box.hpp">
			<Option target="Release" />
		</Unit>
		<Unit filename="headers/gui/gui.hpp">
			<Option target="Release" />
		</Unit>
		<Unit filename="headers/gui/simple_button.hpp">
			<Option target="Release" />
		</Unit>
		<Unit filename="headers/gui/slider.hpp">
			<Option target="Release" />
		</Unit>
		<Unit filename="headers/gui/text_button.hpp">
			<Option target="Release" />
		</Unit>
		<Unit filename="headers/map/map.hpp">
			<Option target="Release" />
		</Unit>
		<Unit filename="headers/map/tileset.hpp">
			<Option target="Release" />
		</Unit>
		<Unit filename="headers/object/basic_bullet.hpp">
			<Option target="Release" />
		</Unit>
		<Unit filename="headers/object/bullet.hpp">
			<Option target="Release" />
		</Unit>
		<Unit filename="headers/physfs_stream.hpp">
			<Option target="Release" />
		</Unit>
		<Unit filename="headers/resource_manager.hpp">
			<Option target="Release" />
		</Unit>
		<Unit filename="headers/screens/game.hpp">
			<Option target="Release" />
		</Unit>
		<Unit filename="headers/screens/loading.hpp">
			<Option target="Release" />
		</Unit>
		<Unit filename="headers/screens/main_menu.hpp">
			<Option target="Release" />
		</Unit>
		<Unit filename="headers/screens/screen.hpp">
			<Option target="Release" />
		</Unit>
		<Unit filename="headers/screens/settings.hpp">
			<Option target="Release" />
		</Unit>
		<Unit filename="headers/stats_table.hpp">
			<Option target="Release" />
		</Unit>
		<Unit filename="sources/anim_set.cpp">
			<Option target="Release" />
		</Unit>
		<Unit filename="sources/animation.cpp">
			<Option target="Release" />
		</Unit>
		<Unit filename="sources/base.cpp">
			<Option target="Release" />
		</Unit>
		<Unit filename="sources/config.cpp">
			<Option target="Release" />
		</Unit>
		<Unit filename="sources/entity/bot.cpp">
			<Option target="Release" />
		</Unit>
		<Unit filename="sources/entity/entity.cpp">
			<Option target="Release" />
		</Unit>
		<Unit filename="sources/entity/player.cpp">
			<Option target="Release" />
		</Unit>
		<Unit filename="sources/gui/button.cpp">
			<Option target="Release" />
		</Unit>
		<Unit filename="sources/gui/check_box.cpp">
			<Option target="Release" />
		</Unit>
		<Unit filename="sources/gui/gui.cpp">
			<Option target="Release" />
		</Unit>
		<Unit filename="sources/gui/simple_button.cpp">
			<Option target="Release" />
		</Unit>
		<Unit filename="sources/gui/slider.cpp">
			<Option target="Release" />
		</Unit>
		<Unit filename="sources/gui/text_button.cpp">
			<Option target="Release" />
		</Unit>
		<Unit filename="sources/main.cpp" />
		<Unit filename="sources/map/map.cpp">
			<Option target="Release" />
		</Unit>
		<Unit filename="sources/map/tileset.cpp">
			<Option target="Release" />
		</Unit>
		<Unit filename="sources/object/basic_bullet.cpp">
			<Option target="Release" />
		</Unit>
		<Unit filename="sources/object/bullet.cpp">
			<Option target="Release" />
		</Unit>
		<Unit filename="sources/physfs_stream.cpp">
			<Option target="Release" />
		</Unit>
		<Unit filename="sources/popup.cpp">
			<Option target="Release" />
		</Unit>
		<Unit filename="sources/resource_manager.cpp">
			<Option target="Release" />
		</Unit>
		<Unit filename="sources/screens/game.cpp">
			<Option target="Release" />
		</Unit>
		<Unit filename="sources/screens/loading.cpp">
			<Option target="Release" />
		</Unit>
		<Unit filename="sources/screens/main_menu.cpp">
			<Option target="Release" />
		</Unit>
		<Unit filename="sources/screens/screen.cpp">
			<Option target="Release" />
		</Unit>
		<Unit filename="sources/screens/settings.cpp">
			<Option target="Release" />
		</Unit>
		<Unit filename="sources/stats_table.cpp">
			<Option target="Release" />
		</Unit>
		<Extensions>
			<code_completion />
			<envvars />
			<debugger />
			<lib_finder disable_auto="1" />
			<editor_config active="1" use_tabs="0" tab_indents="1" tab_width="4" indent="4" eol_mode="0" />
		</Extensions>
	</Project>
</CodeBlocks_project_file>
